
Microsoft Visual Studio Solution File, Format Version 12.00
# Visual Studio Version 17
VisualStudioVersion = 17.8.34330.188
MinimumVisualStudioVersion = 10.0.40219.1
Project("{FAE04EC0-301F-11D3-BF4B-00C04F79EFBC}") = "ATest", "ATest\ATest.csproj", "{859B7B5C-6CFC-49CD-B0DD-2665258110F4}"
EndProject
Global
	GlobalSection(SolutionConfigurationPlatforms) = preSolution
		Debug|Any CPU = Debug|Any CPU
		Release|Any CPU = Release|Any CPU
	EndGlobalSection
	GlobalSection(ProjectConfigurationPlatforms) = postSolution
		{859B7B5C-6CFC-49CD-B0DD-2665258110F4}.Debug|Any CPU.ActiveCfg = Debug|Any CPU
		{859B7B5C-6CFC-49CD-B0DD-2665258110F4}.Debug|Any CPU.Build.0 = Debug|Any CPU
		{859B7B5C-6CFC-49CD-B0DD-2665258110F4}.Release|Any CPU.ActiveCfg = Release|Any CPU
		{859B7B5C-6CFC-49CD-B0DD-2665258110F4}.Release|Any CPU.Build.0 = Release|Any CPU
	EndGlobalSection
	GlobalSection(SolutionProperties) = preSolution
		HideSolutionNode = FALSE
	EndGlobalSection
	GlobalSection(ExtensibilityGlobals) = postSolution
		SolutionGuid = {4BC68BF9-DF68-4370-81BE-D6465A5CA663}
	EndGlobalSection
EndGlobal
